{
  "name": "temp_turkey",
  "version": "1.0.0",
  "lockfileVersion": 3,
  "requires": true,
  "packages": {
    "": {
      "name": "temp_turkey",
      "version": "1.0.0",
      "license": "ISC",
      "dependencies": {
        "turkey-location-data": "^1.1.1",
        "turkey-neighbourhoods": "^4.0.3"
      }
    },
    "node_modules/fs": {
      "version": "0.0.1-security",
      "resolved": "https://registry.npmjs.org/fs/-/fs-0.0.1-security.tgz",
      "integrity": "sha512-3XY9e1pP0CVEUCdj5BmfIZxRBTSDycnbqhIOGec9QYtmVH2fbLpj86CFWkrNOkt/Fvty4KZG5lTglL9j/gJ87w==",
      "license": "ISC"
    },
    "node_modules/turkey-location-data": {
      "version": "1.1.1",
      "resolved": "https://registry.npmjs.org/turkey-location-data/-/turkey-location-data-1.1.1.tgz",
      "integrity": "sha512-9kbz43wBr1nDuDK9p02rLgoiuGmOJs2ohAoX6WvJyeLTxqcXMyVDdTzieX8ZhdT2GsivG1GexXS4k3OiIBLovA==",
      "license": "Apache-2.0",
      "dependencies": {
        "fs": "^0.0.1-security"
      }
    },
    "node_modules/turkey-neighbourhoods": {
      "version": "4.0.3",
      "resolved": "https://registry.npmjs.org/turkey-neighbourhoods/-/turkey-neighbourhoods-4.0.3.tgz",
      "integrity": "sha512-1d7Az1IO7Sb9l/EcxBjaLMXs40lbPiG5Z+0ZhUL/OKbbW1hd7lrrtoz8HNKJYPSyS0QefnCbXOdTPcCY1u6X0Q==",
      "license": "MIT",
      "funding": {
        "type": "patreon",
        "url": "https://patreon.com/muratgozel"
      }
    }
  }
}
